
Microsoft Visual Studio Solution File, Format Version 12.00
# Visual Studio Version 17
VisualStudioVersion = 17.5.002.0
MinimumVisualStudioVersion = 10.0.40219.1
Project("{9A19103F-16F7-4668-BE54-9A1E7A4F7556}") = "ServiceA", "ServiceA.csproj", "{FC1FE3D7-958C-4726-90CC-A3553CFDD261}"
EndProject
Global
	GlobalSection(SolutionConfigurationPlatforms) = preSolution
		Debug|Any CPU = Debug|Any CPU
		Release|Any CPU = Release|Any CPU
	EndGlobalSection
	GlobalSection(ProjectConfigurationPlatforms) = postSolution
		{FC1FE3D7-958C-4726-90CC-A3553CFDD261}.Debug|Any CPU.ActiveCfg = Debug|Any CPU
		{FC1FE3D7-958C-4726-90CC-A3553CFDD261}.Debug|Any CPU.Build.0 = Debug|Any CPU
		{FC1FE3D7-958C-4726-90CC-A3553CFDD261}.Release|Any CPU.ActiveCfg = Release|Any CPU
		{FC1FE3D7-958C-4726-90CC-A3553CFDD261}.Release|Any CPU.Build.0 = Release|Any CPU
	EndGlobalSection
	GlobalSection(SolutionProperties) = preSolution
		HideSolutionNode = FALSE
	EndGlobalSection
	GlobalSection(ExtensibilityGlobals) = postSolution
		SolutionGuid = {4FD52525-C710-43CB-BC41-8A37CD476895}
	EndGlobalSection
EndGlobal
